{
  "name": "bactalk-haxall-runtime",
  "version": "0.1.0",
  "lockfileVersion": 3,
  "requires": true,
  "packages": {
    "": {
      "name": "bactalk-haxall-runtime",
      "version": "0.1.0",
      "license": "UNLICENSED",
      "dependencies": {
        "@haxall/haxall": "4.0.4"
      }
    },
    "node_modules/@haxall/haxall": {
      "version": "4.0.4",
      "resolved": "https://registry.npmjs.org/@haxall/haxall/-/haxall-4.0.4.tgz",
      "integrity": "sha512-JgmBA/gZYMYWwx3pFjCSYRrKMzehJ8HRQ1lOxmcc62A5l0STZWNbwGZUQ9I+WcaLfDgsykWN7/SrIstUvFwScA==",
      "license": "AFL-3.0",
      "bin": {
        "xeto": "xeto.js"
      }
    }
  }
}
